
Microsoft Visual Studio Solution File, Format Version 12.00
# Visual Studio Version 17
VisualStudioVersion = 17.8.34511.84
MinimumVisualStudioVersion = 10.0.40219.1
Project("{9A19103F-16F7-4668-BE54-9A1E7A4F7556}") = "SabeNaoSabe.Maui", "SabeNaoSabe.Maui\SabeNaoSabe.Maui.csproj", "{E731D232-92D1-48D8-953C-FC91C6395BCE}"
EndProject
Project("{9A19103F-16F7-4668-BE54-9A1E7A4F7556}") = "SabeNaoSabe.WASM", "SabeNaoSabe.WASM\SabeNaoSabe.WASM.csproj", "{CFCCA7A7-6826-48B2-A081-C81F71E3C146}"
EndProject
Project("{9A19103F-16F7-4668-BE54-9A1E7A4F7556}") = "SabeNaoSabe.RazorClassLibrary", "SabeNaoSabe.RazorClassLibrary\SabeNaoSabe.RazorClassLibrary.csproj", "{F8D4C070-682D-4E70-9E6F-C15E2CDB0C99}"
EndProject
Project("{9A19103F-16F7-4668-BE54-9A1E7A4F7556}") = "SabeNaoSabe.WebAPI", "SabeNaoSabe.WebAPI\SabeNaoSabe.WebAPI.csproj", "{C00B1028-5C90-4657-858A-C5482F090C4E}"
EndProject
Global
	GlobalSection(SolutionConfigurationPlatforms) = preSolution
		Debug|Any CPU = Debug|Any CPU
		Release|Any CPU = Release|Any CPU
	EndGlobalSection
	GlobalSection(ProjectConfigurationPlatforms) = postSolution
		{E731D232-92D1-48D8-953C-FC91C6395BCE}.Debug|Any CPU.ActiveCfg = Debug|Any CPU
		{E731D232-92D1-48D8-953C-FC91C6395BCE}.Debug|Any CPU.Build.0 = Debug|Any CPU
		{E731D232-92D1-48D8-953C-FC91C6395BCE}.Debug|Any CPU.Deploy.0 = Debug|Any CPU
		{E731D232-92D1-48D8-953C-FC91C6395BCE}.Release|Any CPU.ActiveCfg = Release|Any CPU
		{E731D232-92D1-48D8-953C-FC91C6395BCE}.Release|Any CPU.Build.0 = Release|Any CPU
		{E731D232-92D1-48D8-953C-FC91C6395BCE}.Release|Any CPU.Deploy.0 = Release|Any CPU
		{CFCCA7A7-6826-48B2-A081-C81F71E3C146}.Debug|Any CPU.ActiveCfg = Debug|Any CPU
		{CFCCA7A7-6826-48B2-A081-C81F71E3C146}.Debug|Any CPU.Build.0 = Debug|Any CPU
		{CFCCA7A7-6826-48B2-A081-C81F71E3C146}.Release|Any CPU.ActiveCfg = Release|Any CPU
		{CFCCA7A7-6826-48B2-A081-C81F71E3C146}.Release|Any CPU.Build.0 = Release|Any CPU
		{F8D4C070-682D-4E70-9E6F-C15E2CDB0C99}.Debug|Any CPU.ActiveCfg = Debug|Any CPU
		{F8D4C070-682D-4E70-9E6F-C15E2CDB0C99}.Debug|Any CPU.Build.0 = Debug|Any CPU
		{F8D4C070-682D-4E70-9E6F-C15E2CDB0C99}.Release|Any CPU.ActiveCfg = Release|Any CPU
		{F8D4C070-682D-4E70-9E6F-C15E2CDB0C99}.Release|Any CPU.Build.0 = Release|Any CPU
		{C00B1028-5C90-4657-858A-C5482F090C4E}.Debug|Any CPU.ActiveCfg = Debug|Any CPU
		{C00B1028-5C90-4657-858A-C5482F090C4E}.Debug|Any CPU.Build.0 = Debug|Any CPU
		{C00B1028-5C90-4657-858A-C5482F090C4E}.Release|Any CPU.ActiveCfg = Release|Any CPU
		{C00B1028-5C90-4657-858A-C5482F090C4E}.Release|Any CPU.Build.0 = Release|Any CPU
	EndGlobalSection
	GlobalSection(SolutionProperties) = preSolution
		HideSolutionNode = FALSE
	EndGlobalSection
	GlobalSection(ExtensibilityGlobals) = postSolution
		SolutionGuid = {1C8AC4B8-65A3-4BBE-8E84-9222EE383D83}
	EndGlobalSection
EndGlobal
